<?xml version="1.0" encoding="utf-8"?>
<Project ToolsVersion="4.0" xmlns="http://schemas.microsoft.com/developer/msbuild/2003">
  <ItemGroup>
    <Filter Include="Source Files">
      <UniqueIdentifier>{4FC737F1-C7A5-4376-A066-2A32D752A2FF}</UniqueIdentifier>
      <Extensions>cpp;c;cc;cxx;c++;cppm;ixx;def;odl;idl;hpj;bat;asm;asmx</Extensions>
    </Filter>
    <Filter Include="Header Files">
      <UniqueIdentifier>{93995380-89BD-4b04-88EB-625FBE52EBFB}</UniqueIdentifier>
      <Extensions>h;hh;hpp;hxx;h++;hm;inl;inc;ipp;xsd</Extensions>
    </Filter>
    <Filter Include="Resource Files">
      <UniqueIdentifier>{67DA6AB6-F800-4c08-8B7A-83BB121AAD01}</UniqueIdentifier>
      <Extensions>rc;ico;cur;bmp;dlg;rc2;rct;bin;rgs;gif;jpg;jpeg;jpe;resx;tiff;tif;png;wav;mfcribbon-ms</Extensions>
    </Filter>
  </ItemGroup>
  <ItemGroup>
    <ClCompile Include="pfs3.cpp">
      <Filter>Source Files</Filter>
    </ClCompile>
    <ClCompile Include="volume.cpp">
      <Filter>Source Files</Filter>
    </ClCompile>
    <ClCompile Include="CheckAccess.cpp">
      <Filter>Source Files</Filter>
    </ClCompile>
    <ClCompile Include="directory.cpp">
      <Filter>Source Files</Filter>
    </ClCompile>
    <ClCompile Include="exec_nodes.cpp">
      <Filter>Source Files</Filter>
    </ClCompile>
    <ClCompile Include="disk.cpp">
      <Filter>Source Files</Filter>
    </ClCompile>
    <ClCompile Include="lru.cpp">
      <Filter>Source Files</Filter>
    </ClCompile>
    <ClCompile Include="lock.cpp">
      <Filter>Source Files</Filter>
    </ClCompile>
    <ClCompile Include="allocation.cpp">
      <Filter>Source Files</Filter>
    </ClCompile>
    <ClCompile Include="smartswap.cpp">
      <Filter>Source Files</Filter>
    </ClCompile>
    <ClCompile Include="update.cpp">
      <Filter>Source Files</Filter>
    </ClCompile>
    <ClCompile Include="anodes.cpp">
      <Filter>Source Files</Filter>
    </ClCompile>
    <ClCompile Include="ass.cpp">
      <Filter>Source Files</Filter>
    </ClCompile>
    <ClCompile Include="support.cpp">
      <Filter>Source Files</Filter>
    </ClCompile>
    <ClCompile Include="kswrapper.cpp">
      <Filter>Source Files</Filter>
    </ClCompile>
    <ClCompile Include="init.cpp">
      <Filter>Source Files</Filter>
    </ClCompile>
    <ClCompile Include="messages.cpp">
      <Filter>Source Files</Filter>
    </ClCompile>
  </ItemGroup>
  <ItemGroup>
    <ClInclude Include="pfs3.h">
      <Filter>Header Files</Filter>
    </ClInclude>
    <ClInclude Include="struct.h">
      <Filter>Header Files</Filter>
    </ClInclude>
    <ClInclude Include="exec_nodes.h">
      <Filter>Header Files</Filter>
    </ClInclude>
    <ClInclude Include="directory.h">
      <Filter>Header Files</Filter>
    </ClInclude>
    <ClInclude Include="kswrapper.h">
      <Filter>Header Files</Filter>
    </ClInclude>
    <ClInclude Include="SmartSwap.h">
      <Filter>Header Files</Filter>
    </ClInclude>
    <ClInclude Include="disk.h">
      <Filter>Header Files</Filter>
    </ClInclude>
    <ClInclude Include="blocks.h">
      <Filter>Header Files</Filter>
    </ClInclude>
    <ClInclude Include="ass.h">
      <Filter>Header Files</Filter>
    </ClInclude>
    <ClInclude Include="lru.h">
      <Filter>Header Files</Filter>
    </ClInclude>
    <ClInclude Include="allocation.h">
      <Filter>Header Files</Filter>
    </ClInclude>
    <ClInclude Include="anodes.h">
      <Filter>Header Files</Filter>
    </ClInclude>
    <ClInclude Include="volume.h">
      <Filter>Header Files</Filter>
    </ClInclude>
    <ClInclude Include="lock.h">
      <Filter>Header Files</Filter>
    </ClInclude>
    <ClInclude Include="init.h">
      <Filter>Header Files</Filter>
    </ClInclude>
    <ClInclude Include="checkaccess.h">
      <Filter>Header Files</Filter>
    </ClInclude>
    <ClInclude Include="update.h">
      <Filter>Header Files</Filter>
    </ClInclude>
    <ClInclude Include="messages.h">
      <Filter>Header Files</Filter>
    </ClInclude>
    <ClInclude Include="debug.h">
      <Filter>Header Files</Filter>
    </ClInclude>
    <ClInclude Include="support.h">
      <Filter>Header Files</Filter>
    </ClInclude>
  </ItemGroup>
</Project>