<?xml version="1.0" encoding="utf-8"?>
<Project ToolsVersion="4.0" xmlns="http://schemas.microsoft.com/developer/msbuild/2003">
  <ItemGroup>
    <ClCompile Include="main.cpp" />
    <ClCompile Include="floppybridge_lib.cpp">
      <Filter>Interfaces\floppybridge</Filter>
    </ClCompile>
    <ClCompile Include="dlgFormat.cpp">
      <Filter>Dialogs</Filter>
    </ClCompile>
    <ClCompile Include="amiga_sectors.cpp">
      <Filter>Interfaces\amiga</Filter>
    </ClCompile>
    <ClCompile Include="SignalWnd.cpp">
      <Filter>General</Filter>
    </ClCompile>
    <ClCompile Include="dlgCopy.cpp">
      <Filter>Dialogs</Filter>
    </ClCompile>
    <ClCompile Include="xdms\src\crc_csum.c">
      <Filter>Interfaces\amiga\xDMS</Filter>
    </ClCompile>
    <ClCompile Include="readwrite_dms.cpp">
      <Filter>Interfaces\amiga</Filter>
    </ClCompile>
    <ClCompile Include="xdms\src\getbits.c">
      <Filter>Interfaces\amiga\xDMS</Filter>
    </ClCompile>
    <ClCompile Include="xdms\src\maketbl.c">
      <Filter>Interfaces\amiga\xDMS</Filter>
    </ClCompile>
    <ClCompile Include="xdms\src\tables.c">
      <Filter>Interfaces\amiga\xDMS</Filter>
    </ClCompile>
    <ClCompile Include="xdms\src\u_deep.c">
      <Filter>Interfaces\amiga\xDMS</Filter>
    </ClCompile>
    <ClCompile Include="xdms\src\u_heavy.c">
      <Filter>Interfaces\amiga\xDMS</Filter>
    </ClCompile>
    <ClCompile Include="xdms\src\u_init.c">
      <Filter>Interfaces\amiga\xDMS</Filter>
    </ClCompile>
    <ClCompile Include="xdms\src\u_medium.c">
      <Filter>Interfaces\amiga\xDMS</Filter>
    </ClCompile>
    <ClCompile Include="xdms\src\u_quick.c">
      <Filter>Interfaces\amiga\xDMS</Filter>
    </ClCompile>
    <ClCompile Include="xdms\src\u_rle.c">
      <Filter>Interfaces\amiga\xDMS</Filter>
    </ClCompile>
    <ClCompile Include="ibm_sectors.cpp">
      <Filter>Interfaces\IBM</Filter>
    </ClCompile>
    <ClCompile Include="readwrite_file.cpp">
      <Filter>Interfaces\Sector Interface</Filter>
    </ClCompile>
    <ClCompile Include="sectorCache.cpp">
      <Filter>Interfaces\Sector Interface</Filter>
    </ClCompile>
    <ClCompile Include="readwrite_floppybridge.cpp">
      <Filter>Interfaces\Sector Interface</Filter>
    </ClCompile>
    <ClCompile Include="dokaninterface.cpp">
      <Filter>DokanInterface</Filter>
    </ClCompile>
    <ClCompile Include="MountedVolume.cpp">
      <Filter>DokanInterface</Filter>
    </ClCompile>
    <ClCompile Include="MountedVolumes.cpp">
      <Filter>DokanInterface</Filter>
    </ClCompile>
    <ClCompile Include="shellMenus.cpp">
      <Filter>General</Filter>
    </ClCompile>
    <ClCompile Include="..\fatfs\source\ff.c">
      <Filter>Interfaces\IBM\FatFS</Filter>
    </ClCompile>
    <ClCompile Include="..\fatfs\source\ffsystem.c">
      <Filter>Interfaces\IBM\FatFS</Filter>
    </ClCompile>
    <ClCompile Include="..\fatfs\source\ffunicode.c">
      <Filter>Interfaces\IBM\FatFS</Filter>
    </ClCompile>
    <ClCompile Include="ADF_operations.cpp">
      <Filter>Interfaces\amiga</Filter>
    </ClCompile>
    <ClCompile Include="fat_operations.cpp">
      <Filter>Interfaces\IBM</Filter>
    </ClCompile>
    <ClCompile Include="menu.cpp" />
    <ClCompile Include="dlgConfig.cpp">
      <Filter>Dialogs</Filter>
    </ClCompile>
  </ItemGroup>
  <ItemGroup>
    <ClInclude Include="resource.h">
      <Filter>res</Filter>
    </ClInclude>
    <ClInclude Include="floppybridge_lib.h">
      <Filter>Interfaces\floppybridge</Filter>
    </ClInclude>
    <ClInclude Include="floppybridge_abstract.h">
      <Filter>Interfaces\floppybridge</Filter>
    </ClInclude>
    <ClInclude Include="dlgFormat.h">
      <Filter>Dialogs</Filter>
    </ClInclude>
    <ClInclude Include="amiga_sectors.h">
      <Filter>Interfaces\amiga</Filter>
    </ClInclude>
    <ClInclude Include="SignalWnd.h">
      <Filter>General</Filter>
    </ClInclude>
    <ClInclude Include="dlgCopy.h">
      <Filter>Dialogs</Filter>
    </ClInclude>
    <ClInclude Include="xdms\src\cdata.h">
      <Filter>Interfaces\amiga\xDMS</Filter>
    </ClInclude>
    <ClInclude Include="xdms\src\crc_csum.h">
      <Filter>Interfaces\amiga\xDMS</Filter>
    </ClInclude>
    <ClInclude Include="readwrite_dms.h">
      <Filter>Interfaces\amiga</Filter>
    </ClInclude>
    <ClInclude Include="xdms\src\getbits.h">
      <Filter>Interfaces\amiga\xDMS</Filter>
    </ClInclude>
    <ClInclude Include="xdms\src\maketbl.h">
      <Filter>Interfaces\amiga\xDMS</Filter>
    </ClInclude>
    <ClInclude Include="xdms\src\tables.h">
      <Filter>Interfaces\amiga\xDMS</Filter>
    </ClInclude>
    <ClInclude Include="xdms\src\u_deep.h">
      <Filter>Interfaces\amiga\xDMS</Filter>
    </ClInclude>
    <ClInclude Include="xdms\src\u_heavy.h">
      <Filter>Interfaces\amiga\xDMS</Filter>
    </ClInclude>
    <ClInclude Include="xdms\src\u_init.h">
      <Filter>Interfaces\amiga\xDMS</Filter>
    </ClInclude>
    <ClInclude Include="xdms\src\u_medium.h">
      <Filter>Interfaces\amiga\xDMS</Filter>
    </ClInclude>
    <ClInclude Include="xdms\src\u_quick.h">
      <Filter>Interfaces\amiga\xDMS</Filter>
    </ClInclude>
    <ClInclude Include="xdms\src\u_rle.h">
      <Filter>Interfaces\amiga\xDMS</Filter>
    </ClInclude>
    <ClInclude Include="ibm_sectors.h">
      <Filter>Interfaces\IBM</Filter>
    </ClInclude>
    <ClInclude Include="readwrite_file.h">
      <Filter>Interfaces\Sector Interface</Filter>
    </ClInclude>
    <ClInclude Include="sectorCache.h">
      <Filter>Interfaces\Sector Interface</Filter>
    </ClInclude>
    <ClInclude Include="readwrite_floppybridge.h">
      <Filter>Interfaces\Sector Interface</Filter>
    </ClInclude>
    <ClInclude Include="dokaninterface.h">
      <Filter>DokanInterface</Filter>
    </ClInclude>
    <ClInclude Include="MountedVolume.h">
      <Filter>DokanInterface</Filter>
    </ClInclude>
    <ClInclude Include="MountedVolumes.h">
      <Filter>DokanInterface</Filter>
    </ClInclude>
    <ClInclude Include="drivecontrol.h">
      <Filter>DokanInterface</Filter>
    </ClInclude>
    <ClInclude Include="shellMenus.h">
      <Filter>General</Filter>
    </ClInclude>
    <ClInclude Include="..\fatfs\source\ff.h">
      <Filter>Interfaces\IBM\FatFS</Filter>
    </ClInclude>
    <ClInclude Include="..\fatfs\source\ffconf.h">
      <Filter>Interfaces\IBM\FatFS</Filter>
    </ClInclude>
    <ClInclude Include="..\fatfs\source\diskio.h">
      <Filter>Interfaces\IBM\FatFS</Filter>
    </ClInclude>
    <ClInclude Include="ADF_operations.h">
      <Filter>Interfaces\amiga</Filter>
    </ClInclude>
    <ClInclude Include="fat_operations.h">
      <Filter>Interfaces\IBM</Filter>
    </ClInclude>
    <ClInclude Include="menu.h" />
    <ClInclude Include="dlgConfig.h">
      <Filter>Dialogs</Filter>
    </ClInclude>
  </ItemGroup>
  <ItemGroup>
    <Filter Include="res">
      <UniqueIdentifier>{127bdd12-1cde-4d58-b94d-19c809bd6611}</UniqueIdentifier>
    </Filter>
    <Filter Include="Interfaces">
      <UniqueIdentifier>{5c738464-8c69-45d0-a89d-5735bcf50d27}</UniqueIdentifier>
    </Filter>
    <Filter Include="Interfaces\floppybridge">
      <UniqueIdentifier>{9b804ff8-f264-4b2b-89df-ac6181bf8c04}</UniqueIdentifier>
    </Filter>
    <Filter Include="Dialogs">
      <UniqueIdentifier>{978bb8fb-2646-4e0f-92f7-939f6bfc3e23}</UniqueIdentifier>
    </Filter>
    <Filter Include="Interfaces\amiga">
      <UniqueIdentifier>{642e1b7e-8045-4c03-a6f0-ab2d54e6fa97}</UniqueIdentifier>
    </Filter>
    <Filter Include="General">
      <UniqueIdentifier>{4375ca01-14f1-4af1-9fe1-e88bcc3b3c31}</UniqueIdentifier>
    </Filter>
    <Filter Include="Interfaces\amiga\xDMS">
      <UniqueIdentifier>{d82c00ec-ee11-4c69-901c-29d12bbe279d}</UniqueIdentifier>
    </Filter>
    <Filter Include="Interfaces\IBM">
      <UniqueIdentifier>{738e5d49-19fa-4016-a6d4-0c14c35ea091}</UniqueIdentifier>
    </Filter>
    <Filter Include="Interfaces\Sector Interface">
      <UniqueIdentifier>{71376405-0754-4db6-9118-9bdf754f1458}</UniqueIdentifier>
    </Filter>
    <Filter Include="DokanInterface">
      <UniqueIdentifier>{ed5641a6-398f-4e1e-96ab-fe022775219a}</UniqueIdentifier>
    </Filter>
    <Filter Include="Interfaces\IBM\FatFS">
      <UniqueIdentifier>{b9b8b178-9866-4b17-a1f5-b0d06bce984a}</UniqueIdentifier>
    </Filter>
  </ItemGroup>
  <ItemGroup>
    <ResourceCompile Include="Resource.rc">
      <Filter>res</Filter>
    </ResourceCompile>
  </ItemGroup>
  <ItemGroup>
    <Image Include="floppy.ico">
      <Filter>res</Filter>
    </Image>
    <Image Include="drawer.ico">
      <Filter>res</Filter>
    </Image>
    <Image Include="floppy2.ico">
      <Filter>res</Filter>
    </Image>
    <Image Include="ufloppy.ico">
      <Filter>res</Filter>
    </Image>
  </ItemGroup>
</Project>