<?xml version="1.0" encoding="utf-8"?>
<Project ToolsVersion="4.0" xmlns="http://schemas.microsoft.com/developer/msbuild/2003">
  <ItemGroup>
    <ClCompile Include="ADF.cpp" />
    <ClCompile Include="main.cpp" />
    <ClCompile Include="ADF_operations.cpp" />
    <ClCompile Include="readwrite_floppybridge.cpp">
      <Filter>Interfaces</Filter>
    </ClCompile>
    <ClCompile Include="readwrite_file.cpp">
      <Filter>Interfaces</Filter>
    </ClCompile>
    <ClCompile Include="sectorCache.cpp">
      <Filter>Interfaces</Filter>
    </ClCompile>
    <ClCompile Include="floppybridge_lib.cpp">
      <Filter>Interfaces\floppybridge</Filter>
    </ClCompile>
    <ClCompile Include="amiga_sectors.cpp">
      <Filter>Interfaces</Filter>
    </ClCompile>
    <ClCompile Include="SignalWnd.cpp" />
    <ClCompile Include="dlgFormat.cpp">
      <Filter>Dialogs</Filter>
    </ClCompile>
  </ItemGroup>
  <ItemGroup>
    <ClInclude Include="ADF.h" />
    <ClInclude Include="ADF_operations.h" />
    <ClInclude Include="resource.h">
      <Filter>res</Filter>
    </ClInclude>
    <ClInclude Include="readwrite_floppybridge.h">
      <Filter>Interfaces</Filter>
    </ClInclude>
    <ClInclude Include="readwrite_file.h">
      <Filter>Interfaces</Filter>
    </ClInclude>
    <ClInclude Include="sectorCache.h">
      <Filter>Interfaces</Filter>
    </ClInclude>
    <ClInclude Include="floppybridge_lib.h">
      <Filter>Interfaces\floppybridge</Filter>
    </ClInclude>
    <ClInclude Include="floppybridge_abstract.h">
      <Filter>Interfaces\floppybridge</Filter>
    </ClInclude>
    <ClInclude Include="amiga_sectors.h">
      <Filter>Interfaces</Filter>
    </ClInclude>
    <ClInclude Include="SignalWnd.h" />
    <ClInclude Include="dlgFormat.h">
      <Filter>Dialogs</Filter>
    </ClInclude>
  </ItemGroup>
  <ItemGroup>
    <Filter Include="res">
      <UniqueIdentifier>{127bdd12-1cde-4d58-b94d-19c809bd6611}</UniqueIdentifier>
    </Filter>
    <Filter Include="Interfaces">
      <UniqueIdentifier>{5c738464-8c69-45d0-a89d-5735bcf50d27}</UniqueIdentifier>
    </Filter>
    <Filter Include="Interfaces\floppybridge">
      <UniqueIdentifier>{9b804ff8-f264-4b2b-89df-ac6181bf8c04}</UniqueIdentifier>
    </Filter>
    <Filter Include="Dialogs">
      <UniqueIdentifier>{978bb8fb-2646-4e0f-92f7-939f6bfc3e23}</UniqueIdentifier>
    </Filter>
  </ItemGroup>
  <ItemGroup>
    <ResourceCompile Include="Resource.rc">
      <Filter>res</Filter>
    </ResourceCompile>
  </ItemGroup>
  <ItemGroup>
    <Image Include="floppy.ico">
      <Filter>res</Filter>
    </Image>
  </ItemGroup>
</Project>